{
  "name": "worker-rmi",
  "version": "1.0.6",
  "lockfileVersion": 1,
  "requires": true,
  "dependencies": {
    "bson-objectid": {
      "version": "1.2.3",
      "resolved": "https://registry.npmjs.org/bson-objectid/-/bson-objectid-1.2.3.tgz",
      "integrity": "sha512-Q19/ibJQlO1z4UOJTyaEpWmJ+IdPQfvoKRPBy5GADIbByxyxk6lSN5m82KHMmKCygBnvPl7Wd9kLlG5VVCBWQQ=="
    }
  }
}
